
Microsoft Visual Studio Solution File, Format Version 12.00
# Visual Studio Version 17
VisualStudioVersion = 17.2.32519.379
MinimumVisualStudioVersion = 10.0.40219.1
Project("{FAE04EC0-301F-11D3-BF4B-00C04F79EFBC}") = "PresidentVote", "PresidentVote\PresidentVote.csproj", "{CC9D5333-1552-4F5E-9AF6-AF7CB8A26D7D}"
EndProject
Global
	GlobalSection(SolutionConfigurationPlatforms) = preSolution
		Debug|Any CPU = Debug|Any CPU
		Release|Any CPU = Release|Any CPU
	EndGlobalSection
	GlobalSection(ProjectConfigurationPlatforms) = postSolution
		{CC9D5333-1552-4F5E-9AF6-AF7CB8A26D7D}.Debug|Any CPU.ActiveCfg = Debug|Any CPU
		{CC9D5333-1552-4F5E-9AF6-AF7CB8A26D7D}.Debug|Any CPU.Build.0 = Debug|Any CPU
		{CC9D5333-1552-4F5E-9AF6-AF7CB8A26D7D}.Release|Any CPU.ActiveCfg = Release|Any CPU
		{CC9D5333-1552-4F5E-9AF6-AF7CB8A26D7D}.Release|Any CPU.Build.0 = Release|Any CPU
	EndGlobalSection
	GlobalSection(SolutionProperties) = preSolution
		HideSolutionNode = FALSE
	EndGlobalSection
	GlobalSection(ExtensibilityGlobals) = postSolution
		SolutionGuid = {EA8B54BB-833B-45A1-955D-09E93FC2FDFD}
	EndGlobalSection
EndGlobal
